
Microsoft Visual Studio Solution File, Format Version 12.00
# Visual Studio Version 17
VisualStudioVersion = 17.8.34330.188
MinimumVisualStudioVersion = 10.0.40219.1
Project("{9A19103F-16F7-4668-BE54-9A1E7A4F7556}") = "WebApi", "WebApi\WebApi.csproj", "{E36FE6E1-BD07-4D2E-82B1-869FA314A57B}"
EndProject
Project("{9A19103F-16F7-4668-BE54-9A1E7A4F7556}") = "Entities", "Entities\Entities.csproj", "{FCB8EC4D-8410-45EA-BC94-DD88A9A39BB3}"
EndProject
Project("{9A19103F-16F7-4668-BE54-9A1E7A4F7556}") = "Repositories", "Repositories\Repositories.csproj", "{1539308E-52B5-4740-B71E-8C08DD3A3C21}"
EndProject
Project("{FAE04EC0-301F-11D3-BF4B-00C04F79EFBC}") = "Services", "Services\Services.csproj", "{101DD431-22A0-4F3D-AED9-AF92C3140FD7}"
EndProject
Project("{FAE04EC0-301F-11D3-BF4B-00C04F79EFBC}") = "Presentation", "Presentation\Presentation.csproj", "{FCB3144D-791C-4260-A79F-E5B64A455A60}"
EndProject
Global
	GlobalSection(SolutionConfigurationPlatforms) = preSolution
		Debug|Any CPU = Debug|Any CPU
		Release|Any CPU = Release|Any CPU
	EndGlobalSection
	GlobalSection(ProjectConfigurationPlatforms) = postSolution
		{E36FE6E1-BD07-4D2E-82B1-869FA314A57B}.Debug|Any CPU.ActiveCfg = Debug|Any CPU
		{E36FE6E1-BD07-4D2E-82B1-869FA314A57B}.Debug|Any CPU.Build.0 = Debug|Any CPU
		{E36FE6E1-BD07-4D2E-82B1-869FA314A57B}.Release|Any CPU.ActiveCfg = Release|Any CPU
		{E36FE6E1-BD07-4D2E-82B1-869FA314A57B}.Release|Any CPU.Build.0 = Release|Any CPU
		{FCB8EC4D-8410-45EA-BC94-DD88A9A39BB3}.Debug|Any CPU.ActiveCfg = Debug|Any CPU
		{FCB8EC4D-8410-45EA-BC94-DD88A9A39BB3}.Debug|Any CPU.Build.0 = Debug|Any CPU
		{FCB8EC4D-8410-45EA-BC94-DD88A9A39BB3}.Release|Any CPU.ActiveCfg = Release|Any CPU
		{FCB8EC4D-8410-45EA-BC94-DD88A9A39BB3}.Release|Any CPU.Build.0 = Release|Any CPU
		{1539308E-52B5-4740-B71E-8C08DD3A3C21}.Debug|Any CPU.ActiveCfg = Debug|Any CPU
		{1539308E-52B5-4740-B71E-8C08DD3A3C21}.Debug|Any CPU.Build.0 = Debug|Any CPU
		{1539308E-52B5-4740-B71E-8C08DD3A3C21}.Release|Any CPU.ActiveCfg = Release|Any CPU
		{1539308E-52B5-4740-B71E-8C08DD3A3C21}.Release|Any CPU.Build.0 = Release|Any CPU
		{101DD431-22A0-4F3D-AED9-AF92C3140FD7}.Debug|Any CPU.ActiveCfg = Debug|Any CPU
		{101DD431-22A0-4F3D-AED9-AF92C3140FD7}.Debug|Any CPU.Build.0 = Debug|Any CPU
		{101DD431-22A0-4F3D-AED9-AF92C3140FD7}.Release|Any CPU.ActiveCfg = Release|Any CPU
		{101DD431-22A0-4F3D-AED9-AF92C3140FD7}.Release|Any CPU.Build.0 = Release|Any CPU
		{FCB3144D-791C-4260-A79F-E5B64A455A60}.Debug|Any CPU.ActiveCfg = Debug|Any CPU
		{FCB3144D-791C-4260-A79F-E5B64A455A60}.Debug|Any CPU.Build.0 = Debug|Any CPU
		{FCB3144D-791C-4260-A79F-E5B64A455A60}.Release|Any CPU.ActiveCfg = Release|Any CPU
		{FCB3144D-791C-4260-A79F-E5B64A455A60}.Release|Any CPU.Build.0 = Release|Any CPU
	EndGlobalSection
	GlobalSection(SolutionProperties) = preSolution
		HideSolutionNode = FALSE
	EndGlobalSection
	GlobalSection(ExtensibilityGlobals) = postSolution
		SolutionGuid = {0BC21D37-7748-41FB-A6D2-5B81B7681055}
	EndGlobalSection
EndGlobal
